PODS:
  - AFDateHelper (3.4.0)
  - ChameleonFramework/Default (2.1.0)
  - ChameleonFramework/Swift (2.1.0):
    - ChameleonFramework/Default
  - FontAwesome.swift (0.7.3)
  - FontBlaster (2.1.3)
  - MMDrawerController (0.6.0):
    - MMDrawerController/Core (= 0.6.0)
    - MMDrawerController/MMDrawerBarButtonItem (= 0.6.0)
    - MMDrawerController/MMDrawerVisualStates (= 0.6.0)
    - MMDrawerController/Subclass (= 0.6.0)
  - MMDrawerController/Core (0.6.0)
  - MMDrawerController/MMDrawerBarButtonItem (0.6.0):
    - MMDrawerController/Core
  - MMDrawerController/MMDrawerVisualStates (0.6.0):
    - MMDrawerController/Core
  - MMDrawerController/Subclass (0.6.0):
    - MMDrawerController/Core
  - Neon (0.1.0)
  - SwiftFontName (2.0.0)
  - SwiftyTimer (1.4.0)

DEPENDENCIES:
  - AFDateHelper
  - ChameleonFramework/Swift
  - FontAwesome.swift
  - FontBlaster
  - MMDrawerController
  - Neon
  - SwiftFontName
  - SwiftyTimer

SPEC CHECKSUMS:
  AFDateHelper: 1fd229b038d3e0286b848078cf073d9ee6a48ea8
  ChameleonFramework: d21a3cc247abfe5e37609a283a8238b03575cf64
  FontAwesome.swift: f694fe0f667d6d3390b5919cdb0556a27b75d427
  FontBlaster: c27ade4ad797400dec05221a54efa121c12ce079
  MMDrawerController: e3a54a5570388463ad3b36975251575b50c4e1a0
  Neon: 6bd929dbdf8f26b2129ce733e9290815345f6cb1
  SwiftFontName: 7c3fdb6fc334cd4a8f2953c450a7b40c8d1400e4
  SwiftyTimer: db4458cfaf67fc71e16ad6e4637c60b86f76a649

PODFILE CHECKSUM: 07c6fed768fe5cdb1fe635dc29bcffa5c8298ae8

COCOAPODS: 1.0.0
