PODS:
  - FontAwesome.swift (0.7.3)
  - MMDrawerController (0.6.0):
    - MMDrawerController/Core (= 0.6.0)
    - MMDrawerController/MMDrawerBarButtonItem (= 0.6.0)
    - MMDrawerController/MMDrawerVisualStates (= 0.6.0)
    - MMDrawerController/Subclass (= 0.6.0)
  - MMDrawerController/Core (0.6.0)
  - MMDrawerController/MMDrawerBarButtonItem (0.6.0):
    - MMDrawerController/Core
  - MMDrawerController/MMDrawerVisualStates (0.6.0):
    - MMDrawerController/Core
  - MMDrawerController/Subclass (0.6.0):
    - MMDrawerController/Core
  - Neon (0.1.0)

DEPENDENCIES:
  - FontAwesome.swift
  - MMDrawerController
  - Neon

SPEC CHECKSUMS:
  FontAwesome.swift: f694fe0f667d6d3390b5919cdb0556a27b75d427
  MMDrawerController: e3a54a5570388463ad3b36975251575b50c4e1a0
  Neon: 6bd929dbdf8f26b2129ce733e9290815345f6cb1

PODFILE CHECKSUM: 3a94ec901f21ec2d2c443f99dd76a126b113a8d7

COCOAPODS: 1.0.0
